
Microsoft Visual Studio Solution File, Format Version 12.00
# Visual Studio 15
VisualStudioVersion = 15.0.26424.2
MinimumVisualStudioVersion = 10.0.40219.1
Project("{FAE04EC0-301F-11D3-BF4B-00C04F79EFBC}") = "cmdrtraker", "cmdrtraker\cmdrtraker.csproj", "{6AA3739C-7E3D-4CD5-8BD9-3B6EECD529BA}"
EndProject
Global
	GlobalSection(SolutionConfigurationPlatforms) = preSolution
		Debug|Any CPU = Debug|Any CPU
		Release|Any CPU = Release|Any CPU
	EndGlobalSection
	GlobalSection(ProjectConfigurationPlatforms) = postSolution
		{6AA3739C-7E3D-4CD5-8BD9-3B6EECD529BA}.Debug|Any CPU.ActiveCfg = Debug|Any CPU
		{6AA3739C-7E3D-4CD5-8BD9-3B6EECD529BA}.Debug|Any CPU.Build.0 = Debug|Any CPU
		{6AA3739C-7E3D-4CD5-8BD9-3B6EECD529BA}.Release|Any CPU.ActiveCfg = Release|Any CPU
		{6AA3739C-7E3D-4CD5-8BD9-3B6EECD529BA}.Release|Any CPU.Build.0 = Release|Any CPU
	EndGlobalSection
	GlobalSection(SolutionProperties) = preSolution
		HideSolutionNode = FALSE
	EndGlobalSection
EndGlobal
