
Microsoft Visual Studio Solution File, Format Version 12.00
# Visual Studio 15
VisualStudioVersion = 15.0.26412.1
MinimumVisualStudioVersion = 10.0.40219.1
Project("{FAE04EC0-301F-11D3-BF4B-00C04F79EFBC}") = "clientapp", "clientapp\clientapp.csproj", "{2CF81375-125A-434B-ACD7-4D742FBAF708}"
EndProject
Project("{FAE04EC0-301F-11D3-BF4B-00C04F79EFBC}") = "Serverapp", "ConsoleApp1\Serverapp.csproj", "{2EF09BEF-779C-48F7-A21C-51BCB358CE33}"
EndProject
Global
	GlobalSection(SolutionConfigurationPlatforms) = preSolution
		Debug|Any CPU = Debug|Any CPU
		Release|Any CPU = Release|Any CPU
	EndGlobalSection
	GlobalSection(ProjectConfigurationPlatforms) = postSolution
		{2CF81375-125A-434B-ACD7-4D742FBAF708}.Debug|Any CPU.ActiveCfg = Debug|Any CPU
		{2CF81375-125A-434B-ACD7-4D742FBAF708}.Debug|Any CPU.Build.0 = Debug|Any CPU
		{2CF81375-125A-434B-ACD7-4D742FBAF708}.Release|Any CPU.ActiveCfg = Release|Any CPU
		{2CF81375-125A-434B-ACD7-4D742FBAF708}.Release|Any CPU.Build.0 = Release|Any CPU
		{2EF09BEF-779C-48F7-A21C-51BCB358CE33}.Debug|Any CPU.ActiveCfg = Debug|Any CPU
		{2EF09BEF-779C-48F7-A21C-51BCB358CE33}.Debug|Any CPU.Build.0 = Debug|Any CPU
		{2EF09BEF-779C-48F7-A21C-51BCB358CE33}.Release|Any CPU.ActiveCfg = Release|Any CPU
		{2EF09BEF-779C-48F7-A21C-51BCB358CE33}.Release|Any CPU.Build.0 = Release|Any CPU
	EndGlobalSection
	GlobalSection(SolutionProperties) = preSolution
		HideSolutionNode = FALSE
	EndGlobalSection
EndGlobal
